// !$*UTF8*$!
{
	archiveVersion = 1;
	classes = {
	};
	objectVersion = 48;
	objects = {

/* Begin PBXBuildFile section */
		A30CFF86BA5250ECA648FD86 /* Pods_Smack.framework in Frameworks */ = {isa = PBXBuildFile; fileRef = B39FB812806B384A4D49F330 /* Pods_Smack.framework */; };
		DE0F511E1FD17B5800EC742B /* CircleImage.swift in Sources */ = {isa = PBXBuildFile; fileRef = DE0F511D1FD17B5800EC742B /* CircleImage.swift */; };
		DE0F51211FD1AFEE00EC742B /* ProfileVC.swift in Sources */ = {isa = PBXBuildFile; fileRef = DE0F511F1FD1AFEE00EC742B /* ProfileVC.swift */; };
		DE0F51221FD1AFEE00EC742B /* ProfileVC.xib in Resources */ = {isa = PBXBuildFile; fileRef = DE0F51201FD1AFEE00EC742B /* ProfileVC.xib */; };
		DE0F51251FD1B2D600EC742B /* RoundedView.swift in Sources */ = {isa = PBXBuildFile; fileRef = DE0F51241FD1B2D600EC742B /* RoundedView.swift */; };
		DE0F51271FD202C400EC742B /* MessageService.swift in Sources */ = {isa = PBXBuildFile; fileRef = DE0F51261FD202C400EC742B /* MessageService.swift */; };
		DE0F51291FD202F500EC742B /* Channel.swift in Sources */ = {isa = PBXBuildFile; fileRef = DE0F51281FD202F500EC742B /* Channel.swift */; };
		DE0F512B1FD2087300EC742B /* ChannelCell.swift in Sources */ = {isa = PBXBuildFile; fileRef = DE0F512A1FD2087300EC742B /* ChannelCell.swift */; };
		DE3BBF3E1FD29CF9002D5286 /* SocketService.swift in Sources */ = {isa = PBXBuildFile; fileRef = DE3BBF3D1FD29CF9002D5286 /* SocketService.swift */; };
		DE3BBF401FD2DF73002D5286 /* Message.swift in Sources */ = {isa = PBXBuildFile; fileRef = DE3BBF3F1FD2DF73002D5286 /* Message.swift */; };
		DE40AC051FCF1417009AC7A2 /* CreateAccountVC.swift in Sources */ = {isa = PBXBuildFile; fileRef = DE40AC041FCF1417009AC7A2 /* CreateAccountVC.swift */; };
		DE40AC081FCF1CC2009AC7A2 /* AuthService.swift in Sources */ = {isa = PBXBuildFile; fileRef = DE40AC071FCF1CC2009AC7A2 /* AuthService.swift */; };
		DE40AC0A1FD0915F009AC7A2 /* RoundedButton.swift in Sources */ = {isa = PBXBuildFile; fileRef = DE40AC091FD0915F009AC7A2 /* RoundedButton.swift */; };
		DE40AC0C1FD0996D009AC7A2 /* UserDataService.swift in Sources */ = {isa = PBXBuildFile; fileRef = DE40AC0B1FD0996D009AC7A2 /* UserDataService.swift */; };
		DE40AC0E1FD0AEA1009AC7A2 /* ChooseAvatarVC.swift in Sources */ = {isa = PBXBuildFile; fileRef = DE40AC0D1FD0AEA1009AC7A2 /* ChooseAvatarVC.swift */; };
		DE40AC101FD0B0A9009AC7A2 /* AvatarCell.swift in Sources */ = {isa = PBXBuildFile; fileRef = DE40AC0F1FD0B0A9009AC7A2 /* AvatarCell.swift */; };
		DE49AE441FCDF0DE00160F94 /* AppDelegate.swift in Sources */ = {isa = PBXBuildFile; fileRef = DE49AE431FCDF0DE00160F94 /* AppDelegate.swift */; };
		DE49AE491FCDF0DE00160F94 /* Main.storyboard in Resources */ = {isa = PBXBuildFile; fileRef = DE49AE471FCDF0DE00160F94 /* Main.storyboard */; };
		DE49AE4B1FCDF0DE00160F94 /* Assets.xcassets in Resources */ = {isa = PBXBuildFile; fileRef = DE49AE4A1FCDF0DE00160F94 /* Assets.xcassets */; };
		DE49AE4E1FCDF0DE00160F94 /* LaunchScreen.storyboard in Resources */ = {isa = PBXBuildFile; fileRef = DE49AE4C1FCDF0DE00160F94 /* LaunchScreen.storyboard */; };
		DE49AE591FCDF6BB00160F94 /* SWRevealViewController.m in Sources */ = {isa = PBXBuildFile; fileRef = DE49AE571FCDF6BA00160F94 /* SWRevealViewController.m */; };
		DE49AE5E1FCDFBEC00160F94 /* ChatVC.swift in Sources */ = {isa = PBXBuildFile; fileRef = DE49AE5D1FCDFBEC00160F94 /* ChatVC.swift */; };
		DE49AE601FCDFBFD00160F94 /* ChannelVC.swift in Sources */ = {isa = PBXBuildFile; fileRef = DE49AE5F1FCDFBFD00160F94 /* ChannelVC.swift */; };
		DE49AE621FCEC9BA00160F94 /* GradientView.swift in Sources */ = {isa = PBXBuildFile; fileRef = DE49AE611FCEC9BA00160F94 /* GradientView.swift */; };
		DE49AE651FCF05AD00160F94 /* Constants.swift in Sources */ = {isa = PBXBuildFile; fileRef = DE49AE641FCF05AD00160F94 /* Constants.swift */; };
		DE49AE671FCF0A7000160F94 /* LoginVC.swift in Sources */ = {isa = PBXBuildFile; fileRef = DE49AE661FCF0A7000160F94 /* LoginVC.swift */; };
		DE569C191FD212290076EEDC /* AddChannelVC.swift in Sources */ = {isa = PBXBuildFile; fileRef = DE569C171FD212290076EEDC /* AddChannelVC.swift */; };
		DE569C1A1FD212290076EEDC /* AddChannelVC.xib in Resources */ = {isa = PBXBuildFile; fileRef = DE569C181FD212290076EEDC /* AddChannelVC.xib */; };
		DE569C1C1FD218560076EEDC /* Functions.swift in Sources */ = {isa = PBXBuildFile; fileRef = DE569C1B1FD218560076EEDC /* Functions.swift */; };
		DEE802051FD331A1007A03BA /* KeyboardBoundView.swift in Sources */ = {isa = PBXBuildFile; fileRef = DEE802041FD331A0007A03BA /* KeyboardBoundView.swift */; };
/* End PBXBuildFile section */

/* Begin PBXFileReference section */
		8C747CA36ED796B5A871A863 /* Pods-Smack.debug.xcconfig */ = {isa = PBXFileReference; includeInIndex = 1; lastKnownFileType = text.xcconfig; name = "Pods-Smack.debug.xcconfig"; path = "Pods/Target Support Files/Pods-Smack/Pods-Smack.debug.xcconfig"; sourceTree = "<group>"; };
		B39FB812806B384A4D49F330 /* Pods_Smack.framework */ = {isa = PBXFileReference; explicitFileType = wrapper.framework; includeInIndex = 0; path = Pods_Smack.framework; sourceTree = BUILT_PRODUCTS_DIR; };
		DE0F511D1FD17B5800EC742B /* CircleImage.swift */ = {isa = PBXFileReference; lastKnownFileType = sourcecode.swift; path = CircleImage.swift; sourceTree = "<group>"; };
		DE0F511F1FD1AFEE00EC742B /* ProfileVC.swift */ = {isa = PBXFileReference; lastKnownFileType = sourcecode.swift; path = ProfileVC.swift; sourceTree = "<group>"; };
		DE0F51201FD1AFEE00EC742B /* ProfileVC.xib */ = {isa = PBXFileReference; lastKnownFileType = file.xib; path = ProfileVC.xib; sourceTree = "<group>"; };
		DE0F51241FD1B2D600EC742B /* RoundedView.swift */ = {isa = PBXFileReference; lastKnownFileType = sourcecode.swift; path = RoundedView.swift; sourceTree = "<group>"; };
		DE0F51261FD202C400EC742B /* MessageService.swift */ = {isa = PBXFileReference; lastKnownFileType = sourcecode.swift; path = MessageService.swift; sourceTree = "<group>"; };
		DE0F51281FD202F500EC742B /* Channel.swift */ = {isa = PBXFileReference; lastKnownFileType = sourcecode.swift; path = Channel.swift; sourceTree = "<group>"; };
		DE0F512A1FD2087300EC742B /* ChannelCell.swift */ = {isa = PBXFileReference; lastKnownFileType = sourcecode.swift; path = ChannelCell.swift; sourceTree = "<group>"; };
		DE3BBF3D1FD29CF9002D5286 /* SocketService.swift */ = {isa = PBXFileReference; lastKnownFileType = sourcecode.swift; path = SocketService.swift; sourceTree = "<group>"; };
		DE3BBF3F1FD2DF73002D5286 /* Message.swift */ = {isa = PBXFileReference; lastKnownFileType = sourcecode.swift; path = Message.swift; sourceTree = "<group>"; };
		DE40AC041FCF1417009AC7A2 /* CreateAccountVC.swift */ = {isa = PBXFileReference; lastKnownFileType = sourcecode.swift; path = CreateAccountVC.swift; sourceTree = "<group>"; };
		DE40AC071FCF1CC2009AC7A2 /* AuthService.swift */ = {isa = PBXFileReference; lastKnownFileType = sourcecode.swift; path = AuthService.swift; sourceTree = "<group>"; };
		DE40AC091FD0915F009AC7A2 /* RoundedButton.swift */ = {isa = PBXFileReference; lastKnownFileType = sourcecode.swift; path = RoundedButton.swift; sourceTree = "<group>"; };
		DE40AC0B1FD0996D009AC7A2 /* UserDataService.swift */ = {isa = PBXFileReference; lastKnownFileType = sourcecode.swift; path = UserDataService.swift; sourceTree = "<group>"; };
		DE40AC0D1FD0AEA1009AC7A2 /* ChooseAvatarVC.swift */ = {isa = PBXFileReference; lastKnownFileType = sourcecode.swift; path = ChooseAvatarVC.swift; sourceTree = "<group>"; };
		DE40AC0F1FD0B0A9009AC7A2 /* AvatarCell.swift */ = {isa = PBXFileReference; lastKnownFileType = sourcecode.swift; path = AvatarCell.swift; sourceTree = "<group>"; };
		DE49AE401FCDF0DE00160F94 /* Smack.app */ = {isa = PBXFileReference; explicitFileType = wrapper.application; includeInIndex = 0; path = Smack.app; sourceTree = BUILT_PRODUCTS_DIR; };
		DE49AE431FCDF0DE00160F94 /* AppDelegate.swift */ = {isa = PBXFileReference; lastKnownFileType = sourcecode.swift; path = AppDelegate.swift; sourceTree = "<group>"; };
		DE49AE481FCDF0DE00160F94 /* Base */ = {isa = PBXFileReference; lastKnownFileType = file.storyboard; name = Base; path = Base.lproj/Main.storyboard; sourceTree = "<group>"; };
		DE49AE4A1FCDF0DE00160F94 /* Assets.xcassets */ = {isa = PBXFileReference; lastKnownFileType = folder.assetcatalog; path = Assets.xcassets; sourceTree = "<group>"; };
		DE49AE4D1FCDF0DE00160F94 /* Base */ = {isa = PBXFileReference; lastKnownFileType = file.storyboard; name = Base; path = Base.lproj/LaunchScreen.storyboard; sourceTree = "<group>"; };
		DE49AE4F1FCDF0DE00160F94 /* Info.plist */ = {isa = PBXFileReference; lastKnownFileType = text.plist.xml; path = Info.plist; sourceTree = "<group>"; };
		DE49AE561FCDF6BA00160F94 /* Smack-Bridging-Header.h */ = {isa = PBXFileReference; lastKnownFileType = sourcecode.c.h; path = "Smack-Bridging-Header.h"; sourceTree = "<group>"; };
		DE49AE571FCDF6BA00160F94 /* SWRevealViewController.m */ = {isa = PBXFileReference; fileEncoding = 4; lastKnownFileType = sourcecode.c.objc; path = SWRevealViewController.m; sourceTree = "<group>"; };
		DE49AE581FCDF6BA00160F94 /* SWRevealViewController.h */ = {isa = PBXFileReference; fileEncoding = 4; lastKnownFileType = sourcecode.c.h; path = SWRevealViewController.h; sourceTree = "<group>"; };
		DE49AE5D1FCDFBEC00160F94 /* ChatVC.swift */ = {isa = PBXFileReference; lastKnownFileType = sourcecode.swift; path = ChatVC.swift; sourceTree = "<group>"; };
		DE49AE5F1FCDFBFD00160F94 /* ChannelVC.swift */ = {isa = PBXFileReference; lastKnownFileType = sourcecode.swift; path = ChannelVC.swift; sourceTree = "<group>"; };
		DE49AE611FCEC9BA00160F94 /* GradientView.swift */ = {isa = PBXFileReference; lastKnownFileType = sourcecode.swift; path = GradientView.swift; sourceTree = "<group>"; };
		DE49AE641FCF05AD00160F94 /* Constants.swift */ = {isa = PBXFileReference; lastKnownFileType = sourcecode.swift; path = Constants.swift; sourceTree = "<group>"; };
		DE49AE661FCF0A7000160F94 /* LoginVC.swift */ = {isa = PBXFileReference; lastKnownFileType = sourcecode.swift; path = LoginVC.swift; sourceTree = "<group>"; };
		DE569C171FD212290076EEDC /* AddChannelVC.swift */ = {isa = PBXFileReference; lastKnownFileType = sourcecode.swift; path = AddChannelVC.swift; sourceTree = "<group>"; };
		DE569C181FD212290076EEDC /* AddChannelVC.xib */ = {isa = PBXFileReference; lastKnownFileType = file.xib; path = AddChannelVC.xib; sourceTree = "<group>"; };
		DE569C1B1FD218560076EEDC /* Functions.swift */ = {isa = PBXFileReference; lastKnownFileType = sourcecode.swift; path = Functions.swift; sourceTree = "<group>"; };
		DEE802041FD331A0007A03BA /* KeyboardBoundView.swift */ = {isa = PBXFileReference; fileEncoding = 4; lastKnownFileType = sourcecode.swift; path = KeyboardBoundView.swift; sourceTree = "<group>"; };
		E0B9924BE1324D42205164CA /* Pods-Smack.release.xcconfig */ = {isa = PBXFileReference; includeInIndex = 1; lastKnownFileType = text.xcconfig; name = "Pods-Smack.release.xcconfig"; path = "Pods/Target Support Files/Pods-Smack/Pods-Smack.release.xcconfig"; sourceTree = "<group>"; };
/* End PBXFileReference section */

/* Begin PBXFrameworksBuildPhase section */
		DE49AE3D1FCDF0DE00160F94 /* Frameworks */ = {
			isa = PBXFrameworksBuildPhase;
			buildActionMask = 2147483647;
			files = (
				A30CFF86BA5250ECA648FD86 /* Pods_Smack.framework in Frameworks */,
			);
			runOnlyForDeploymentPostprocessing = 0;
		};
/* End PBXFrameworksBuildPhase section */

/* Begin PBXGroup section */
		2AEB69AAFB5894AA94876993 /* Frameworks */ = {
			isa = PBXGroup;
			children = (
				B39FB812806B384A4D49F330 /* Pods_Smack.framework */,
			);
			name = Frameworks;
			sourceTree = "<group>";
		};
		3470BECE361821E051C61002 /* Pods */ = {
			isa = PBXGroup;
			children = (
				8C747CA36ED796B5A871A863 /* Pods-Smack.debug.xcconfig */,
				E0B9924BE1324D42205164CA /* Pods-Smack.release.xcconfig */,
			);
			name = Pods;
			sourceTree = "<group>";
		};
		DE0F51231FD1AFFB00EC742B /* XIB */ = {
			isa = PBXGroup;
			children = (
				DE0F51201FD1AFEE00EC742B /* ProfileVC.xib */,
				DE569C181FD212290076EEDC /* AddChannelVC.xib */,
			);
			path = XIB;
			sourceTree = "<group>";
		};
		DE40AC061FCF1CA5009AC7A2 /* Services */ = {
			isa = PBXGroup;
			children = (
				DE40AC071FCF1CC2009AC7A2 /* AuthService.swift */,
				DE40AC0B1FD0996D009AC7A2 /* UserDataService.swift */,
				DE0F51261FD202C400EC742B /* MessageService.swift */,
				DE3BBF3D1FD29CF9002D5286 /* SocketService.swift */,
			);
			path = Services;
			sourceTree = "<group>";
		};
		DE49AE371FCDF0DE00160F94 = {
			isa = PBXGroup;
			children = (
				DE49AE421FCDF0DE00160F94 /* Smack */,
				DE49AE411FCDF0DE00160F94 /* Products */,
				3470BECE361821E051C61002 /* Pods */,
				2AEB69AAFB5894AA94876993 /* Frameworks */,
			);
			sourceTree = "<group>";
		};
		DE49AE411FCDF0DE00160F94 /* Products */ = {
			isa = PBXGroup;
			children = (
				DE49AE401FCDF0DE00160F94 /* Smack.app */,
			);
			name = Products;
			sourceTree = "<group>";
		};
		DE49AE421FCDF0DE00160F94 /* Smack */ = {
			isa = PBXGroup;
			children = (
				DE0F51231FD1AFFB00EC742B /* XIB */,
				DE40AC061FCF1CA5009AC7A2 /* Services */,
				DE49AE631FCF059800160F94 /* Utilities */,
				DE49AE5C1FCDFBC700160F94 /* Model */,
				DE49AE5B1FCDFBC300160F94 /* View */,
				DE49AE5A1FCDFBB300160F94 /* Controller */,
				DE49AE551FCDF69A00160F94 /* Supporting Files */,
				DE49AE431FCDF0DE00160F94 /* AppDelegate.swift */,
				DE49AE471FCDF0DE00160F94 /* Main.storyboard */,
				DE49AE4A1FCDF0DE00160F94 /* Assets.xcassets */,
				DE49AE4C1FCDF0DE00160F94 /* LaunchScreen.storyboard */,
				DE49AE4F1FCDF0DE00160F94 /* Info.plist */,
			);
			path = Smack;
			sourceTree = "<group>";
		};
		DE49AE551FCDF69A00160F94 /* Supporting Files */ = {
			isa = PBXGroup;
			children = (
				DE49AE581FCDF6BA00160F94 /* SWRevealViewController.h */,
				DE49AE571FCDF6BA00160F94 /* SWRevealViewController.m */,
				DE49AE561FCDF6BA00160F94 /* Smack-Bridging-Header.h */,
			);
			path = "Supporting Files";
			sourceTree = "<group>";
		};
		DE49AE5A1FCDFBB300160F94 /* Controller */ = {
			isa = PBXGroup;
			children = (
				DE49AE5D1FCDFBEC00160F94 /* ChatVC.swift */,
				DE49AE5F1FCDFBFD00160F94 /* ChannelVC.swift */,
				DE49AE661FCF0A7000160F94 /* LoginVC.swift */,
				DE40AC041FCF1417009AC7A2 /* CreateAccountVC.swift */,
				DE40AC0D1FD0AEA1009AC7A2 /* ChooseAvatarVC.swift */,
				DE0F511F1FD1AFEE00EC742B /* ProfileVC.swift */,
				DE569C171FD212290076EEDC /* AddChannelVC.swift */,
			);
			path = Controller;
			sourceTree = "<group>";
		};
		DE49AE5B1FCDFBC300160F94 /* View */ = {
			isa = PBXGroup;
			children = (
				DE40AC091FD0915F009AC7A2 /* RoundedButton.swift */,
				DE40AC0F1FD0B0A9009AC7A2 /* AvatarCell.swift */,
				DE0F511D1FD17B5800EC742B /* CircleImage.swift */,
				DE0F51241FD1B2D600EC742B /* RoundedView.swift */,
				DE0F512A1FD2087300EC742B /* ChannelCell.swift */,
				DE49AE611FCEC9BA00160F94 /* GradientView.swift */,
				DEE802041FD331A0007A03BA /* KeyboardBoundView.swift */,
			);
			path = View;
			sourceTree = "<group>";
		};
		DE49AE5C1FCDFBC700160F94 /* Model */ = {
			isa = PBXGroup;
			children = (
				DE0F51281FD202F500EC742B /* Channel.swift */,
				DE3BBF3F1FD2DF73002D5286 /* Message.swift */,
			);
			path = Model;
			sourceTree = "<group>";
		};
		DE49AE631FCF059800160F94 /* Utilities */ = {
			isa = PBXGroup;
			children = (
				DE49AE641FCF05AD00160F94 /* Constants.swift */,
				DE569C1B1FD218560076EEDC /* Functions.swift */,
			);
			path = Utilities;
			sourceTree = "<group>";
		};
/* End PBXGroup section */

/* Begin PBXNativeTarget section */
		DE49AE3F1FCDF0DE00160F94 /* Smack */ = {
			isa = PBXNativeTarget;
			buildConfigurationList = DE49AE521FCDF0DE00160F94 /* Build configuration list for PBXNativeTarget "Smack" */;
			buildPhases = (
				5F571E39E0C35A090C5BF908 /* [CP] Check Pods Manifest.lock */,
				DE49AE3C1FCDF0DE00160F94 /* Sources */,
				DE49AE3D1FCDF0DE00160F94 /* Frameworks */,
				DE49AE3E1FCDF0DE00160F94 /* Resources */,
				39B99D951C8544C1826E01AA /* [CP] Embed Pods Frameworks */,
				EBEFAF013AE9975B036DB59E /* [CP] Copy Pods Resources */,
			);
			buildRules = (
			);
			dependencies = (
			);
			name = Smack;
			productName = Smack;
			productReference = DE49AE401FCDF0DE00160F94 /* Smack.app */;
			productType = "com.apple.product-type.application";
		};
/* End PBXNativeTarget section */

/* Begin PBXProject section */
		DE49AE381FCDF0DE00160F94 /* Project object */ = {
			isa = PBXProject;
			attributes = {
				LastSwiftUpdateCheck = 0910;
				LastUpgradeCheck = 0910;
				ORGANIZATIONNAME = "Le Dang Dai Duong";
				TargetAttributes = {
					DE49AE3F1FCDF0DE00160F94 = {
						CreatedOnToolsVersion = 9.1;
						LastSwiftMigration = 0910;
						ProvisioningStyle = Automatic;
					};
				};
			};
			buildConfigurationList = DE49AE3B1FCDF0DE00160F94 /* Build configuration list for PBXProject "Smack" */;
			compatibilityVersion = "Xcode 8.0";
			developmentRegion = en;
			hasScannedForEncodings = 0;
			knownRegions = (
				en,
				Base,
			);
			mainGroup = DE49AE371FCDF0DE00160F94;
			productRefGroup = DE49AE411FCDF0DE00160F94 /* Products */;
			projectDirPath = "";
			projectRoot = "";
			targets = (
				DE49AE3F1FCDF0DE00160F94 /* Smack */,
			);
		};
/* End PBXProject section */

/* Begin PBXResourcesBuildPhase section */
		DE49AE3E1FCDF0DE00160F94 /* Resources */ = {
			isa = PBXResourcesBuildPhase;
			buildActionMask = 2147483647;
			files = (
				DE569C1A1FD212290076EEDC /* AddChannelVC.xib in Resources */,
				DE0F51221FD1AFEE00EC742B /* ProfileVC.xib in Resources */,
				DE49AE4E1FCDF0DE00160F94 /* LaunchScreen.storyboard in Resources */,
				DE49AE4B1FCDF0DE00160F94 /* Assets.xcassets in Resources */,
				DE49AE491FCDF0DE00160F94 /* Main.storyboard in Resources */,
			);
			runOnlyForDeploymentPostprocessing = 0;
		};
/* End PBXResourcesBuildPhase section */

/* Begin PBXShellScriptBuildPhase section */
		39B99D951C8544C1826E01AA /* [CP] Embed Pods Frameworks */ = {
			isa = PBXShellScriptBuildPhase;
			buildActionMask = 2147483647;
			files = (
			);
			inputPaths = (
			);
			name = "[CP] Embed Pods Frameworks";
			outputPaths = (
			);
			runOnlyForDeploymentPostprocessing = 0;
			shellPath = /bin/sh;
			shellScript = "\"${SRCROOT}/Pods/Target Support Files/Pods-Smack/Pods-Smack-frameworks.sh\"\n";
			showEnvVarsInLog = 0;
		};
		5F571E39E0C35A090C5BF908 /* [CP] Check Pods Manifest.lock */ = {
			isa = PBXShellScriptBuildPhase;
			buildActionMask = 2147483647;
			files = (
			);
			inputPaths = (
			);
			name = "[CP] Check Pods Manifest.lock";
			outputPaths = (
			);
			runOnlyForDeploymentPostprocessing = 0;
			shellPath = /bin/sh;
			shellScript = "diff \"${PODS_ROOT}/../Podfile.lock\" \"${PODS_ROOT}/Manifest.lock\" > /dev/null\nif [ $? != 0 ] ; then\n    # print error to STDERR\n    echo \"error: The sandbox is not in sync with the Podfile.lock. Run 'pod install' or update your CocoaPods installation.\" >&2\n    exit 1\nfi\n";
			showEnvVarsInLog = 0;
		};
		EBEFAF013AE9975B036DB59E /* [CP] Copy Pods Resources */ = {
			isa = PBXShellScriptBuildPhase;
			buildActionMask = 2147483647;
			files = (
			);
			inputPaths = (
			);
			name = "[CP] Copy Pods Resources";
			outputPaths = (
			);
			runOnlyForDeploymentPostprocessing = 0;
			shellPath = /bin/sh;
			shellScript = "\"${SRCROOT}/Pods/Target Support Files/Pods-Smack/Pods-Smack-resources.sh\"\n";
			showEnvVarsInLog = 0;
		};
/* End PBXShellScriptBuildPhase section */

/* Begin PBXSourcesBuildPhase section */
		DE49AE3C1FCDF0DE00160F94 /* Sources */ = {
			isa = PBXSourcesBuildPhase;
			buildActionMask = 2147483647;
			files = (
				DE0F51211FD1AFEE00EC742B /* ProfileVC.swift in Sources */,
				DE49AE601FCDFBFD00160F94 /* ChannelVC.swift in Sources */,
				DE40AC0A1FD0915F009AC7A2 /* RoundedButton.swift in Sources */,
				DE49AE5E1FCDFBEC00160F94 /* ChatVC.swift in Sources */,
				DE0F511E1FD17B5800EC742B /* CircleImage.swift in Sources */,
				DE40AC0C1FD0996D009AC7A2 /* UserDataService.swift in Sources */,
				DE0F51271FD202C400EC742B /* MessageService.swift in Sources */,
				DE0F51291FD202F500EC742B /* Channel.swift in Sources */,
				DE40AC051FCF1417009AC7A2 /* CreateAccountVC.swift in Sources */,
				DE40AC081FCF1CC2009AC7A2 /* AuthService.swift in Sources */,
				DE0F512B1FD2087300EC742B /* ChannelCell.swift in Sources */,
				DE0F51251FD1B2D600EC742B /* RoundedView.swift in Sources */,
				DE49AE671FCF0A7000160F94 /* LoginVC.swift in Sources */,
				DE49AE621FCEC9BA00160F94 /* GradientView.swift in Sources */,
				DEE802051FD331A1007A03BA /* KeyboardBoundView.swift in Sources */,
				DE40AC0E1FD0AEA1009AC7A2 /* ChooseAvatarVC.swift in Sources */,
				DE40AC101FD0B0A9009AC7A2 /* AvatarCell.swift in Sources */,
				DE3BBF3E1FD29CF9002D5286 /* SocketService.swift in Sources */,
				DE3BBF401FD2DF73002D5286 /* Message.swift in Sources */,
				DE569C191FD212290076EEDC /* AddChannelVC.swift in Sources */,
				DE569C1C1FD218560076EEDC /* Functions.swift in Sources */,
				DE49AE441FCDF0DE00160F94 /* AppDelegate.swift in Sources */,
				DE49AE591FCDF6BB00160F94 /* SWRevealViewController.m in Sources */,
				DE49AE651FCF05AD00160F94 /* Constants.swift in Sources */,
			);
			runOnlyForDeploymentPostprocessing = 0;
		};
/* End PBXSourcesBuildPhase section */

/* Begin PBXVariantGroup section */
		DE49AE471FCDF0DE00160F94 /* Main.storyboard */ = {
			isa = PBXVariantGroup;
			children = (
				DE49AE481FCDF0DE00160F94 /* Base */,
			);
			name = Main.storyboard;
			sourceTree = "<group>";
		};
		DE49AE4C1FCDF0DE00160F94 /* LaunchScreen.storyboard */ = {
			isa = PBXVariantGroup;
			children = (
				DE49AE4D1FCDF0DE00160F94 /* Base */,
			);
			name = LaunchScreen.storyboard;
			sourceTree = "<group>";
		};
/* End PBXVariantGroup section */

/* Begin XCBuildConfiguration section */
		DE49AE501FCDF0DE00160F94 /* Debug */ = {
			isa = XCBuildConfiguration;
			buildSettings = {
				ALWAYS_SEARCH_USER_PATHS = NO;
				CLANG_ANALYZER_NONNULL = YES;
				CLANG_ANALYZER_NUMBER_OBJECT_CONVERSION = YES_AGGRESSIVE;
				CLANG_CXX_LANGUAGE_STANDARD = "gnu++14";
				CLANG_CXX_LIBRARY = "libc++";
				CLANG_ENABLE_MODULES = YES;
				CLANG_ENABLE_OBJC_ARC = YES;
				CLANG_WARN_BLOCK_CAPTURE_AUTORELEASING = YES;
				CLANG_WARN_BOOL_CONVERSION = YES;
				CLANG_WARN_COMMA = YES;
				CLANG_WARN_CONSTANT_CONVERSION = YES;
				CLANG_WARN_DIRECT_OBJC_ISA_USAGE = YES_ERROR;
				CLANG_WARN_DOCUMENTATION_COMMENTS = YES;
				CLANG_WARN_EMPTY_BODY = YES;
				CLANG_WARN_ENUM_CONVERSION = YES;
				CLANG_WARN_INFINITE_RECURSION = YES;
				CLANG_WARN_INT_CONVERSION = YES;
				CLANG_WARN_NON_LITERAL_NULL_CONVERSION = YES;
				CLANG_WARN_OBJC_LITERAL_CONVERSION = YES;
				CLANG_WARN_OBJC_ROOT_CLASS = YES_ERROR;
				CLANG_WARN_RANGE_LOOP_ANALYSIS = YES;
				CLANG_WARN_STRICT_PROTOTYPES = YES;
				CLANG_WARN_SUSPICIOUS_MOVE = YES;
				CLANG_WARN_UNGUARDED_AVAILABILITY = YES_AGGRESSIVE;
				CLANG_WARN_UNREACHABLE_CODE = YES;
				CLANG_WARN__DUPLICATE_METHOD_MATCH = YES;
				CODE_SIGN_IDENTITY = "iPhone Developer";
				COPY_PHASE_STRIP = NO;
				DEBUG_INFORMATION_FORMAT = dwarf;
				ENABLE_STRICT_OBJC_MSGSEND = YES;
				ENABLE_TESTABILITY = YES;
				GCC_C_LANGUAGE_STANDARD = gnu11;
				GCC_DYNAMIC_NO_PIC = NO;
				GCC_NO_COMMON_BLOCKS = YES;
				GCC_OPTIMIZATION_LEVEL = 0;
				GCC_PREPROCESSOR_DEFINITIONS = (
					"DEBUG=1",
					"$(inherited)",
				);
				GCC_WARN_64_TO_32_BIT_CONVERSION = YES;
				GCC_WARN_ABOUT_RETURN_TYPE = YES_ERROR;
				GCC_WARN_UNDECLARED_SELECTOR = YES;
				GCC_WARN_UNINITIALIZED_AUTOS = YES_AGGRESSIVE;
				GCC_WARN_UNUSED_FUNCTION = YES;
				GCC_WARN_UNUSED_VARIABLE = YES;
				IPHONEOS_DEPLOYMENT_TARGET = 11.1;
				MTL_ENABLE_DEBUG_INFO = YES;
				ONLY_ACTIVE_ARCH = YES;
				SDKROOT = iphoneos;
				SWIFT_ACTIVE_COMPILATION_CONDITIONS = DEBUG;
				SWIFT_OPTIMIZATION_LEVEL = "-Onone";
			};
			name = Debug;
		};
		DE49AE511FCDF0DE00160F94 /* Release */ = {
			isa = XCBuildConfiguration;
			buildSettings = {
				ALWAYS_SEARCH_USER_PATHS = NO;
				CLANG_ANALYZER_NONNULL = YES;
				CLANG_ANALYZER_NUMBER_OBJECT_CONVERSION = YES_AGGRESSIVE;
				CLANG_CXX_LANGUAGE_STANDARD = "gnu++14";
				CLANG_CXX_LIBRARY = "libc++";
				CLANG_ENABLE_MODULES = YES;
				CLANG_ENABLE_OBJC_ARC = YES;
				CLANG_WARN_BLOCK_CAPTURE_AUTORELEASING = YES;
				CLANG_WARN_BOOL_CONVERSION = YES;
				CLANG_WARN_COMMA = YES;
				CLANG_WARN_CONSTANT_CONVERSION = YES;
				CLANG_WARN_DIRECT_OBJC_ISA_USAGE = YES_ERROR;
				CLANG_WARN_DOCUMENTATION_COMMENTS = YES;
				CLANG_WARN_EMPTY_BODY = YES;
				CLANG_WARN_ENUM_CONVERSION = YES;
				CLANG_WARN_INFINITE_RECURSION = YES;
				CLANG_WARN_INT_CONVERSION = YES;
				CLANG_WARN_NON_LITERAL_NULL_CONVERSION = YES;
				CLANG_WARN_OBJC_LITERAL_CONVERSION = YES;
				CLANG_WARN_OBJC_ROOT_CLASS = YES_ERROR;
				CLANG_WARN_RANGE_LOOP_ANALYSIS = YES;
				CLANG_WARN_STRICT_PROTOTYPES = YES;
				CLANG_WARN_SUSPICIOUS_MOVE = YES;
				CLANG_WARN_UNGUARDED_AVAILABILITY = YES_AGGRESSIVE;
				CLANG_WARN_UNREACHABLE_CODE = YES;
				CLANG_WARN__DUPLICATE_METHOD_MATCH = YES;
				CODE_SIGN_IDENTITY = "iPhone Developer";
				COPY_PHASE_STRIP = NO;
				DEBUG_INFORMATION_FORMAT = "dwarf-with-dsym";
				ENABLE_NS_ASSERTIONS = NO;
				ENABLE_STRICT_OBJC_MSGSEND = YES;
				GCC_C_LANGUAGE_STANDARD = gnu11;
				GCC_NO_COMMON_BLOCKS = YES;
				GCC_WARN_64_TO_32_BIT_CONVERSION = YES;
				GCC_WARN_ABOUT_RETURN_TYPE = YES_ERROR;
				GCC_WARN_UNDECLARED_SELECTOR = YES;
				GCC_WARN_UNINITIALIZED_AUTOS = YES_AGGRESSIVE;
				GCC_WARN_UNUSED_FUNCTION = YES;
				GCC_WARN_UNUSED_VARIABLE = YES;
				IPHONEOS_DEPLOYMENT_TARGET = 11.1;
				MTL_ENABLE_DEBUG_INFO = NO;
				SDKROOT = iphoneos;
				SWIFT_OPTIMIZATION_LEVEL = "-Owholemodule";
				VALIDATE_PRODUCT = YES;
			};
			name = Release;
		};
		DE49AE531FCDF0DE00160F94 /* Debug */ = {
			isa = XCBuildConfiguration;
			baseConfigurationReference = 8C747CA36ED796B5A871A863 /* Pods-Smack.debug.xcconfig */;
			buildSettings = {
				ASSETCATALOG_COMPILER_APPICON_NAME = AppIcon;
				CLANG_ENABLE_MODULES = YES;
				CODE_SIGN_STYLE = Automatic;
				INFOPLIST_FILE = Smack/Info.plist;
				LD_RUNPATH_SEARCH_PATHS = "$(inherited) @executable_path/Frameworks";
				PRODUCT_BUNDLE_IDENTIFIER = com.Smack;
				PRODUCT_NAME = "$(TARGET_NAME)";
				SWIFT_OBJC_BRIDGING_HEADER = "Smack/Supporting Files/Smack-Bridging-Header.h";
				SWIFT_OPTIMIZATION_LEVEL = "-Onone";
				SWIFT_VERSION = 4.0;
				TARGETED_DEVICE_FAMILY = "1,2";
			};
			name = Debug;
		};
		DE49AE541FCDF0DE00160F94 /* Release */ = {
			isa = XCBuildConfiguration;
			baseConfigurationReference = E0B9924BE1324D42205164CA /* Pods-Smack.release.xcconfig */;
			buildSettings = {
				ASSETCATALOG_COMPILER_APPICON_NAME = AppIcon;
				CLANG_ENABLE_MODULES = YES;
				CODE_SIGN_STYLE = Automatic;
				INFOPLIST_FILE = Smack/Info.plist;
				LD_RUNPATH_SEARCH_PATHS = "$(inherited) @executable_path/Frameworks";
				PRODUCT_BUNDLE_IDENTIFIER = com.Smack;
				PRODUCT_NAME = "$(TARGET_NAME)";
				SWIFT_OBJC_BRIDGING_HEADER = "Smack/Supporting Files/Smack-Bridging-Header.h";
				SWIFT_VERSION = 4.0;
				TARGETED_DEVICE_FAMILY = "1,2";
			};
			name = Release;
		};
/* End XCBuildConfiguration section */

/* Begin XCConfigurationList section */
		DE49AE3B1FCDF0DE00160F94 /* Build configuration list for PBXProject "Smack" */ = {
			isa = XCConfigurationList;
			buildConfigurations = (
				DE49AE501FCDF0DE00160F94 /* Debug */,
				DE49AE511FCDF0DE00160F94 /* Release */,
			);
			defaultConfigurationIsVisible = 0;
			defaultConfigurationName = Release;
		};
		DE49AE521FCDF0DE00160F94 /* Build configuration list for PBXNativeTarget "Smack" */ = {
			isa = XCConfigurationList;
			buildConfigurations = (
				DE49AE531FCDF0DE00160F94 /* Debug */,
				DE49AE541FCDF0DE00160F94 /* Release */,
			);
			defaultConfigurationIsVisible = 0;
			defaultConfigurationName = Release;
		};
/* End XCConfigurationList section */
	};
	rootObject = DE49AE381FCDF0DE00160F94 /* Project object */;
}
